// !$*UTF8*$!
{
	archiveVersion = 1;
	classes = {
	};
	objectVersion = 56;
	objects = {

/* Begin PBXBuildFile section */
		E59DF8F92907C8C300B586DD /* CustomTableViewCell.swift in Sources */ = {isa = PBXBuildFile; fileRef = E59DF8F82907C8C300B586DD /* CustomTableViewCell.swift */; };
		E5E5AF962906E60A00F43E3F /* AppDelegate.swift in Sources */ = {isa = PBXBuildFile; fileRef = E5E5AF952906E60A00F43E3F /* AppDelegate.swift */; };
		E5E5AF982906E60A00F43E3F /* SceneDelegate.swift in Sources */ = {isa = PBXBuildFile; fileRef = E5E5AF972906E60A00F43E3F /* SceneDelegate.swift */; };
		E5E5AF9A2906E60A00F43E3F /* MainViewController.swift in Sources */ = {isa = PBXBuildFile; fileRef = E5E5AF992906E60A00F43E3F /* MainViewController.swift */; };
		E5E5AF9D2906E60A00F43E3F /* Main.storyboard in Resources */ = {isa = PBXBuildFile; fileRef = E5E5AF9B2906E60A00F43E3F /* Main.storyboard */; };
		E5E5AF9F2906E60C00F43E3F /* Assets.xcassets in Resources */ = {isa = PBXBuildFile; fileRef = E5E5AF9E2906E60C00F43E3F /* Assets.xcassets */; };
		E5E5AFA22906E60C00F43E3F /* LaunchScreen.storyboard in Resources */ = {isa = PBXBuildFile; fileRef = E5E5AFA02906E60C00F43E3F /* LaunchScreen.storyboard */; };
/* End PBXBuildFile section */

/* Begin PBXFileReference section */
		E59DF8F82907C8C300B586DD /* CustomTableViewCell.swift */ = {isa = PBXFileReference; lastKnownFileType = sourcecode.swift; path = CustomTableViewCell.swift; sourceTree = "<group>"; };
		E5E5AF922906E60A00F43E3F /* AlefDevelopment.app */ = {isa = PBXFileReference; explicitFileType = wrapper.application; includeInIndex = 0; path = AlefDevelopment.app; sourceTree = BUILT_PRODUCTS_DIR; };
		E5E5AF952906E60A00F43E3F /* AppDelegate.swift */ = {isa = PBXFileReference; lastKnownFileType = sourcecode.swift; path = AppDelegate.swift; sourceTree = "<group>"; };
		E5E5AF972906E60A00F43E3F /* SceneDelegate.swift */ = {isa = PBXFileReference; lastKnownFileType = sourcecode.swift; path = SceneDelegate.swift; sourceTree = "<group>"; };
		E5E5AF992906E60A00F43E3F /* MainViewController.swift */ = {isa = PBXFileReference; lastKnownFileType = sourcecode.swift; path = MainViewController.swift; sourceTree = "<group>"; };
		E5E5AF9C2906E60A00F43E3F /* Base */ = {isa = PBXFileReference; lastKnownFileType = file.storyboard; name = Base; path = Base.lproj/Main.storyboard; sourceTree = "<group>"; };
		E5E5AF9E2906E60C00F43E3F /* Assets.xcassets */ = {isa = PBXFileReference; lastKnownFileType = folder.assetcatalog; path = Assets.xcassets; sourceTree = "<group>"; };
		E5E5AFA12906E60C00F43E3F /* Base */ = {isa = PBXFileReference; lastKnownFileType = file.storyboard; name = Base; path = Base.lproj/LaunchScreen.storyboard; sourceTree = "<group>"; };
		E5E5AFA32906E60C00F43E3F /* Info.plist */ = {isa = PBXFileReference; lastKnownFileType = text.plist.xml; path = Info.plist; sourceTree = "<group>"; };
/* End PBXFileReference section */

/* Begin PBXFrameworksBuildPhase section */
		E5E5AF8F2906E60A00F43E3F /* Frameworks */ = {
			isa = PBXFrameworksBuildPhase;
			buildActionMask = 2147483647;
			files = (
			);
			runOnlyForDeploymentPostprocessing = 0;
		};
/* End PBXFrameworksBuildPhase section */

/* Begin PBXGroup section */
		E5A5E73F290A78AC009F3D4F /* ViewControllers */ = {
			isa = PBXGroup;
			children = (
				E5E5AF992906E60A00F43E3F /* MainViewController.swift */,
			);
			path = ViewControllers;
			sourceTree = "<group>";
		};
		E5A5E740290A78C4009F3D4F /* Views */ = {
			isa = PBXGroup;
			children = (
				E59DF8F82907C8C300B586DD /* CustomTableViewCell.swift */,
			);
			path = Views;
			sourceTree = "<group>";
		};
		E5A5E741290A78E0009F3D4F /* Storyboards */ = {
			isa = PBXGroup;
			children = (
				E5E5AF9B2906E60A00F43E3F /* Main.storyboard */,
				E5E5AFA02906E60C00F43E3F /* LaunchScreen.storyboard */,
			);
			path = Storyboards;
			sourceTree = "<group>";
		};
		E5A5E742290A792A009F3D4F /* Sources */ = {
			isa = PBXGroup;
			children = (
				E5E5AF9E2906E60C00F43E3F /* Assets.xcassets */,
			);
			path = Sources;
			sourceTree = "<group>";
		};
		E5A5E743290A7947009F3D4F /* SupportingFiles */ = {
			isa = PBXGroup;
			children = (
				E5E5AF952906E60A00F43E3F /* AppDelegate.swift */,
				E5E5AF972906E60A00F43E3F /* SceneDelegate.swift */,
				E5E5AFA32906E60C00F43E3F /* Info.plist */,
			);
			path = SupportingFiles;
			sourceTree = "<group>";
		};
		E5E5AF892906E60A00F43E3F = {
			isa = PBXGroup;
			children = (
				E5E5AF942906E60A00F43E3F /* AlefDevelopment */,
				E5E5AF932906E60A00F43E3F /* Products */,
			);
			sourceTree = "<group>";
		};
		E5E5AF932906E60A00F43E3F /* Products */ = {
			isa = PBXGroup;
			children = (
				E5E5AF922906E60A00F43E3F /* AlefDevelopment.app */,
			);
			name = Products;
			sourceTree = "<group>";
		};
		E5E5AF942906E60A00F43E3F /* AlefDevelopment */ = {
			isa = PBXGroup;
			children = (
				E5A5E73F290A78AC009F3D4F /* ViewControllers */,
				E5A5E740290A78C4009F3D4F /* Views */,
				E5A5E741290A78E0009F3D4F /* Storyboards */,
				E5A5E743290A7947009F3D4F /* SupportingFiles */,
				E5A5E742290A792A009F3D4F /* Sources */,
			);
			path = AlefDevelopment;
			sourceTree = "<group>";
		};
/* End PBXGroup section */

/* Begin PBXNativeTarget section */
		E5E5AF912906E60A00F43E3F /* AlefDevelopment */ = {
			isa = PBXNativeTarget;
			buildConfigurationList = E5E5AFA62906E60C00F43E3F /* Build configuration list for PBXNativeTarget "AlefDevelopment" */;
			buildPhases = (
				E5E5AF8E2906E60A00F43E3F /* Sources */,
				E5E5AF8F2906E60A00F43E3F /* Frameworks */,
				E5E5AF902906E60A00F43E3F /* Resources */,
			);
			buildRules = (
			);
			dependencies = (
			);
			name = AlefDevelopment;
			productName = AlefDevelopment;
			productReference = E5E5AF922906E60A00F43E3F /* AlefDevelopment.app */;
			productType = "com.apple.product-type.application";
		};
/* End PBXNativeTarget section */

/* Begin PBXProject section */
		E5E5AF8A2906E60A00F43E3F /* Project object */ = {
			isa = PBXProject;
			attributes = {
				BuildIndependentTargetsInParallel = 1;
				LastSwiftUpdateCheck = 1400;
				LastUpgradeCheck = 1400;
				TargetAttributes = {
					E5E5AF912906E60A00F43E3F = {
						CreatedOnToolsVersion = 14.0;
					};
				};
			};
			buildConfigurationList = E5E5AF8D2906E60A00F43E3F /* Build configuration list for PBXProject "AlefDevelopment" */;
			compatibilityVersion = "Xcode 14.0";
			developmentRegion = en;
			hasScannedForEncodings = 0;
			knownRegions = (
				en,
				Base,
			);
			mainGroup = E5E5AF892906E60A00F43E3F;
			productRefGroup = E5E5AF932906E60A00F43E3F /* Products */;
			projectDirPath = "";
			projectRoot = "";
			targets = (
				E5E5AF912906E60A00F43E3F /* AlefDevelopment */,
			);
		};
/* End PBXProject section */

/* Begin PBXResourcesBuildPhase section */
		E5E5AF902906E60A00F43E3F /* Resources */ = {
			isa = PBXResourcesBuildPhase;
			buildActionMask = 2147483647;
			files = (
				E5E5AFA22906E60C00F43E3F /* LaunchScreen.storyboard in Resources */,
				E5E5AF9F2906E60C00F43E3F /* Assets.xcassets in Resources */,
				E5E5AF9D2906E60A00F43E3F /* Main.storyboard in Resources */,
			);
			runOnlyForDeploymentPostprocessing = 0;
		};
/* End PBXResourcesBuildPhase section */

/* Begin PBXSourcesBuildPhase section */
		E5E5AF8E2906E60A00F43E3F /* Sources */ = {
			isa = PBXSourcesBuildPhase;
			buildActionMask = 2147483647;
			files = (
				E5E5AF9A2906E60A00F43E3F /* MainViewController.swift in Sources */,
				E5E5AF962906E60A00F43E3F /* AppDelegate.swift in Sources */,
				E59DF8F92907C8C300B586DD /* CustomTableViewCell.swift in Sources */,
				E5E5AF982906E60A00F43E3F /* SceneDelegate.swift in Sources */,
			);
			runOnlyForDeploymentPostprocessing = 0;
		};
/* End PBXSourcesBuildPhase section */

/* Begin PBXVariantGroup section */
		E5E5AF9B2906E60A00F43E3F /* Main.storyboard */ = {
			isa = PBXVariantGroup;
			children = (
				E5E5AF9C2906E60A00F43E3F /* Base */,
			);
			name = Main.storyboard;
			sourceTree = "<group>";
		};
		E5E5AFA02906E60C00F43E3F /* LaunchScreen.storyboard */ = {
			isa = PBXVariantGroup;
			children = (
				E5E5AFA12906E60C00F43E3F /* Base */,
			);
			name = LaunchScreen.storyboard;
			sourceTree = "<group>";
		};
/* End PBXVariantGroup section */

/* Begin XCBuildConfiguration section */
		E5E5AFA42906E60C00F43E3F /* Debug */ = {
			isa = XCBuildConfiguration;
			buildSettings = {
				ALWAYS_SEARCH_USER_PATHS = NO;
				CLANG_ANALYZER_NONNULL = YES;
				CLANG_ANALYZER_NUMBER_OBJECT_CONVERSION = YES_AGGRESSIVE;
				CLANG_CXX_LANGUAGE_STANDARD = "gnu++20";
				CLANG_ENABLE_MODULES = YES;
				CLANG_ENABLE_OBJC_ARC = YES;
				CLANG_ENABLE_OBJC_WEAK = YES;
				CLANG_WARN_BLOCK_CAPTURE_AUTORELEASING = YES;
				CLANG_WARN_BOOL_CONVERSION = YES;
				CLANG_WARN_COMMA = YES;
				CLANG_WARN_CONSTANT_CONVERSION = YES;
				CLANG_WARN_DEPRECATED_OBJC_IMPLEMENTATIONS = YES;
				CLANG_WARN_DIRECT_OBJC_ISA_USAGE = YES_ERROR;
				CLANG_WARN_DOCUMENTATION_COMMENTS = YES;
				CLANG_WARN_EMPTY_BODY = YES;
				CLANG_WARN_ENUM_CONVERSION = YES;
				CLANG_WARN_INFINITE_RECURSION = YES;
				CLANG_WARN_INT_CONVERSION = YES;
				CLANG_WARN_NON_LITERAL_NULL_CONVERSION = YES;
				CLANG_WARN_OBJC_IMPLICIT_RETAIN_SELF = YES;
				CLANG_WARN_OBJC_LITERAL_CONVERSION = YES;
				CLANG_WARN_OBJC_ROOT_CLASS = YES_ERROR;
				CLANG_WARN_QUOTED_INCLUDE_IN_FRAMEWORK_HEADER = YES;
				CLANG_WARN_RANGE_LOOP_ANALYSIS = YES;
				CLANG_WARN_STRICT_PROTOTYPES = YES;
				CLANG_WARN_SUSPICIOUS_MOVE = YES;
				CLANG_WARN_UNGUARDED_AVAILABILITY = YES_AGGRESSIVE;
				CLANG_WARN_UNREACHABLE_CODE = YES;
				CLANG_WARN__DUPLICATE_METHOD_MATCH = YES;
				COPY_PHASE_STRIP = NO;
				DEBUG_INFORMATION_FORMAT = dwarf;
				ENABLE_STRICT_OBJC_MSGSEND = YES;
				ENABLE_TESTABILITY = YES;
				GCC_C_LANGUAGE_STANDARD = gnu11;
				GCC_DYNAMIC_NO_PIC = NO;
				GCC_NO_COMMON_BLOCKS = YES;
				GCC_OPTIMIZATION_LEVEL = 0;
				GCC_PREPROCESSOR_DEFINITIONS = (
					"DEBUG=1",
					"$(inherited)",
				);
				GCC_WARN_64_TO_32_BIT_CONVERSION = YES;
				GCC_WARN_ABOUT_RETURN_TYPE = YES_ERROR;
				GCC_WARN_UNDECLARED_SELECTOR = YES;
				GCC_WARN_UNINITIALIZED_AUTOS = YES_AGGRESSIVE;
				GCC_WARN_UNUSED_FUNCTION = YES;
				GCC_WARN_UNUSED_VARIABLE = YES;
				IPHONEOS_DEPLOYMENT_TARGET = 16.0;
				MTL_ENABLE_DEBUG_INFO = INCLUDE_SOURCE;
				MTL_FAST_MATH = YES;
				ONLY_ACTIVE_ARCH = YES;
				SDKROOT = iphoneos;
				SWIFT_ACTIVE_COMPILATION_CONDITIONS = DEBUG;
				SWIFT_OPTIMIZATION_LEVEL = "-Onone";
			};
			name = Debug;
		};
		E5E5AFA52906E60C00F43E3F /* Release */ = {
			isa = XCBuildConfiguration;
			buildSettings = {
				ALWAYS_SEARCH_USER_PATHS = NO;
				CLANG_ANALYZER_NONNULL = YES;
				CLANG_ANALYZER_NUMBER_OBJECT_CONVERSION = YES_AGGRESSIVE;
				CLANG_CXX_LANGUAGE_STANDARD = "gnu++20";
				CLANG_ENABLE_MODULES = YES;
				CLANG_ENABLE_OBJC_ARC = YES;
				CLANG_ENABLE_OBJC_WEAK = YES;
				CLANG_WARN_BLOCK_CAPTURE_AUTORELEASING = YES;
				CLANG_WARN_BOOL_CONVERSION = YES;
				CLANG_WARN_COMMA = YES;
				CLANG_WARN_CONSTANT_CONVERSION = YES;
				CLANG_WARN_DEPRECATED_OBJC_IMPLEMENTATIONS = YES;
				CLANG_WARN_DIRECT_OBJC_ISA_USAGE = YES_ERROR;
				CLANG_WARN_DOCUMENTATION_COMMENTS = YES;
				CLANG_WARN_EMPTY_BODY = YES;
				CLANG_WARN_ENUM_CONVERSION = YES;
				CLANG_WARN_INFINITE_RECURSION = YES;
				CLANG_WARN_INT_CONVERSION = YES;
				CLANG_WARN_NON_LITERAL_NULL_CONVERSION = YES;
				CLANG_WARN_OBJC_IMPLICIT_RETAIN_SELF = YES;
				CLANG_WARN_OBJC_LITERAL_CONVERSION = YES;
				CLANG_WARN_OBJC_ROOT_CLASS = YES_ERROR;
				CLANG_WARN_QUOTED_INCLUDE_IN_FRAMEWORK_HEADER = YES;
				CLANG_WARN_RANGE_LOOP_ANALYSIS = YES;
				CLANG_WARN_STRICT_PROTOTYPES = YES;
				CLANG_WARN_SUSPICIOUS_MOVE = YES;
				CLANG_WARN_UNGUARDED_AVAILABILITY = YES_AGGRESSIVE;
				CLANG_WARN_UNREACHABLE_CODE = YES;
				CLANG_WARN__DUPLICATE_METHOD_MATCH = YES;
				COPY_PHASE_STRIP = NO;
				DEBUG_INFORMATION_FORMAT = "dwarf-with-dsym";
				ENABLE_NS_ASSERTIONS = NO;
				ENABLE_STRICT_OBJC_MSGSEND = YES;
				GCC_C_LANGUAGE_STANDARD = gnu11;
				GCC_NO_COMMON_BLOCKS = YES;
				GCC_WARN_64_TO_32_BIT_CONVERSION = YES;
				GCC_WARN_ABOUT_RETURN_TYPE = YES_ERROR;
				GCC_WARN_UNDECLARED_SELECTOR = YES;
				GCC_WARN_UNINITIALIZED_AUTOS = YES_AGGRESSIVE;
				GCC_WARN_UNUSED_FUNCTION = YES;
				GCC_WARN_UNUSED_VARIABLE = YES;
				IPHONEOS_DEPLOYMENT_TARGET = 16.0;
				MTL_ENABLE_DEBUG_INFO = NO;
				MTL_FAST_MATH = YES;
				SDKROOT = iphoneos;
				SWIFT_COMPILATION_MODE = wholemodule;
				SWIFT_OPTIMIZATION_LEVEL = "-O";
				VALIDATE_PRODUCT = YES;
			};
			name = Release;
		};
		E5E5AFA72906E60C00F43E3F /* Debug */ = {
			isa = XCBuildConfiguration;
			buildSettings = {
				ASSETCATALOG_COMPILER_APPICON_NAME = AppIcon;
				ASSETCATALOG_COMPILER_GLOBAL_ACCENT_COLOR_NAME = AccentColor;
				CODE_SIGN_STYLE = Automatic;
				CURRENT_PROJECT_VERSION = 1;
				DEVELOPMENT_TEAM = Z4HK5Y82J4;
				GENERATE_INFOPLIST_FILE = YES;
				INFOPLIST_FILE = AlefDevelopment/SupportingFiles/Info.plist;
				INFOPLIST_KEY_UIApplicationSupportsIndirectInputEvents = YES;
				INFOPLIST_KEY_UILaunchStoryboardName = LaunchScreen;
				INFOPLIST_KEY_UIMainStoryboardFile = Main;
				INFOPLIST_KEY_UISupportedInterfaceOrientations_iPad = "UIInterfaceOrientationPortrait UIInterfaceOrientationPortraitUpsideDown UIInterfaceOrientationLandscapeLeft UIInterfaceOrientationLandscapeRight";
				INFOPLIST_KEY_UISupportedInterfaceOrientations_iPhone = "UIInterfaceOrientationPortrait UIInterfaceOrientationLandscapeLeft UIInterfaceOrientationLandscapeRight";
				LD_RUNPATH_SEARCH_PATHS = (
					"$(inherited)",
					"@executable_path/Frameworks",
				);
				MARKETING_VERSION = 1.0;
				PRODUCT_BUNDLE_IDENTIFIER = ru.nikkochet.AlefDevelopment;
				PRODUCT_NAME = "$(TARGET_NAME)";
				SUPPORTED_PLATFORMS = "iphoneos iphonesimulator";
				SUPPORTS_MACCATALYST = NO;
				SUPPORTS_MAC_DESIGNED_FOR_IPHONE_IPAD = YES;
				SWIFT_EMIT_LOC_STRINGS = YES;
				SWIFT_VERSION = 5.0;
				TARGETED_DEVICE_FAMILY = 1;
			};
			name = Debug;
		};
		E5E5AFA82906E60C00F43E3F /* Release */ = {
			isa = XCBuildConfiguration;
			buildSettings = {
				ASSETCATALOG_COMPILER_APPICON_NAME = AppIcon;
				ASSETCATALOG_COMPILER_GLOBAL_ACCENT_COLOR_NAME = AccentColor;
				CODE_SIGN_STYLE = Automatic;
				CURRENT_PROJECT_VERSION = 1;
				DEVELOPMENT_TEAM = Z4HK5Y82J4;
				GENERATE_INFOPLIST_FILE = YES;
				INFOPLIST_FILE = AlefDevelopment/SupportingFiles/Info.plist;
				INFOPLIST_KEY_UIApplicationSupportsIndirectInputEvents = YES;
				INFOPLIST_KEY_UILaunchStoryboardName = LaunchScreen;
				INFOPLIST_KEY_UIMainStoryboardFile = Main;
				INFOPLIST_KEY_UISupportedInterfaceOrientations_iPad = "UIInterfaceOrientationPortrait UIInterfaceOrientationPortraitUpsideDown UIInterfaceOrientationLandscapeLeft UIInterfaceOrientationLandscapeRight";
				INFOPLIST_KEY_UISupportedInterfaceOrientations_iPhone = "UIInterfaceOrientationPortrait UIInterfaceOrientationLandscapeLeft UIInterfaceOrientationLandscapeRight";
				LD_RUNPATH_SEARCH_PATHS = (
					"$(inherited)",
					"@executable_path/Frameworks",
				);
				MARKETING_VERSION = 1.0;
				PRODUCT_BUNDLE_IDENTIFIER = ru.nikkochet.AlefDevelopment;
				PRODUCT_NAME = "$(TARGET_NAME)";
				SUPPORTED_PLATFORMS = "iphoneos iphonesimulator";
				SUPPORTS_MACCATALYST = NO;
				SUPPORTS_MAC_DESIGNED_FOR_IPHONE_IPAD = YES;
				SWIFT_EMIT_LOC_STRINGS = YES;
				SWIFT_VERSION = 5.0;
				TARGETED_DEVICE_FAMILY = 1;
			};
			name = Release;
		};
/* End XCBuildConfiguration section */

/* Begin XCConfigurationList section */
		E5E5AF8D2906E60A00F43E3F /* Build configuration list for PBXProject "AlefDevelopment" */ = {
			isa = XCConfigurationList;
			buildConfigurations = (
				E5E5AFA42906E60C00F43E3F /* Debug */,
				E5E5AFA52906E60C00F43E3F /* Release */,
			);
			defaultConfigurationIsVisible = 0;
			defaultConfigurationName = Release;
		};
		E5E5AFA62906E60C00F43E3F /* Build configuration list for PBXNativeTarget "AlefDevelopment" */ = {
			isa = XCConfigurationList;
			buildConfigurations = (
				E5E5AFA72906E60C00F43E3F /* Debug */,
				E5E5AFA82906E60C00F43E3F /* Release */,
			);
			defaultConfigurationIsVisible = 0;
			defaultConfigurationName = Release;
		};
/* End XCConfigurationList section */
	};
	rootObject = E5E5AF8A2906E60A00F43E3F /* Project object */;
}
